
Microsoft Visual Studio Solution File, Format Version 12.00
# Visual Studio Version 17
VisualStudioVersion = 17.14.36804.6
MinimumVisualStudioVersion = 10.0.40219.1
Project("{8BC9CEB8-8B4A-11D0-8D11-00A0C91BC942}") = "AI", "AI\AI.vcxproj", "{CAEF7820-A7A9-4733-B1B2-C39189190480}"
	ProjectSection(ProjectDependencies) = postProject
		{27F740C3-1DCA-4956-B10C-479680EC6302} = {27F740C3-1DCA-4956-B10C-479680EC6302}
	EndProjectSection
EndProject
Project("{8BC9CEB8-8B4A-11D0-8D11-00A0C91BC942}") = "Client", "Client\Client.vcxproj", "{A1B7676C-0990-41D4-9EA1-C9E0E3BA2E1D}"
	ProjectSection(ProjectDependencies) = postProject
		{27F740C3-1DCA-4956-B10C-479680EC6302} = {27F740C3-1DCA-4956-B10C-479680EC6302}
		{BC2C9DCB-3118-45B6-A6EF-087337DAA9CB} = {BC2C9DCB-3118-45B6-A6EF-087337DAA9CB}
		{D53DC8C6-E649-4ABD-8B3D-64707352EEC7} = {D53DC8C6-E649-4ABD-8B3D-64707352EEC7}
		{ECF85AEC-9479-462B-B801-B7B6645D0B09} = {ECF85AEC-9479-462B-B801-B7B6645D0B09}
	EndProjectSection
EndProject
Project("{8BC9CEB8-8B4A-11D0-8D11-00A0C91BC942}") = "Engine", "Engine\Engine.vcxproj", "{678AD1E7-3888-4A7B-8077-E77FD58BA622}"
	ProjectSection(ProjectDependencies) = postProject
		{27F740C3-1DCA-4956-B10C-479680EC6302} = {27F740C3-1DCA-4956-B10C-479680EC6302}
	EndProjectSection
EndProject
Project("{8BC9CEB8-8B4A-11D0-8D11-00A0C91BC942}") = "Event", "Event\Event.vcxproj", "{F19D0681-A873-4297-BB00-E750294995E9}"
	ProjectSection(ProjectDependencies) = postProject
		{27F740C3-1DCA-4956-B10C-479680EC6302} = {27F740C3-1DCA-4956-B10C-479680EC6302}
	EndProjectSection
EndProject
Project("{8BC9CEB8-8B4A-11D0-8D11-00A0C91BC942}") = "GameObject", "GameObject\GameObject.vcxproj", "{27A8092D-9702-4AB5-9E74-0A204595AAD5}"
	ProjectSection(ProjectDependencies) = postProject
		{27F740C3-1DCA-4956-B10C-479680EC6302} = {27F740C3-1DCA-4956-B10C-479680EC6302}
		{BC2C9DCB-3118-45B6-A6EF-087337DAA9CB} = {BC2C9DCB-3118-45B6-A6EF-087337DAA9CB}
	EndProjectSection
EndProject
Project("{8BC9CEB8-8B4A-11D0-8D11-00A0C91BC942}") = "SoundSystem", "SoundSystem\SoundSystem.vcxproj", "{325C5192-B1EE-455D-9F9E-D0AEC399023B}"
	ProjectSection(ProjectDependencies) = postProject
		{27F740C3-1DCA-4956-B10C-479680EC6302} = {27F740C3-1DCA-4956-B10C-479680EC6302}
	EndProjectSection
EndProject
Project("{8BC9CEB8-8B4A-11D0-8D11-00A0C91BC942}") = "Common", "Common\Common.vcxproj", "{27F740C3-1DCA-4956-B10C-479680EC6302}"
EndProject
Project("{8BC9CEB8-8B4A-11D0-8D11-00A0C91BC942}") = "ResourceManager", "ResourceManager\ResourceManager.vcxproj", "{BC2C9DCB-3118-45B6-A6EF-087337DAA9CB}"
EndProject
Project("{8BC9CEB8-8B4A-11D0-8D11-00A0C91BC942}") = "Importer", "Importer\Importer.vcxproj", "{CDA21401-5075-4361-81A3-B8926519745F}"
EndProject
Project("{2150E333-8FDC-42A3-9474-1A3956D46DE8}") = "Solution Items", "Solution Items", "{8EC462FD-D22E-90A8-E5CE-7E832BA40C5D}"
	ProjectSection(SolutionItems) = preProject
		.editorconfig = .editorconfig
	EndProjectSection
EndProject
Project("{8BC9CEB8-8B4A-11D0-8D11-00A0C91BC942}") = "Editor", "Editor\Editor.vcxproj", "{68D15D8C-A563-4A7A-8B32-AF5A35EF96C0}"
	ProjectSection(ProjectDependencies) = postProject
		{27A8092D-9702-4AB5-9E74-0A204595AAD5} = {27A8092D-9702-4AB5-9E74-0A204595AAD5}
		{27F740C3-1DCA-4956-B10C-479680EC6302} = {27F740C3-1DCA-4956-B10C-479680EC6302}
		{325C5192-B1EE-455D-9F9E-D0AEC399023B} = {325C5192-B1EE-455D-9F9E-D0AEC399023B}
		{678AD1E7-3888-4A7B-8077-E77FD58BA622} = {678AD1E7-3888-4A7B-8077-E77FD58BA622}
		{BC2C9DCB-3118-45B6-A6EF-087337DAA9CB} = {BC2C9DCB-3118-45B6-A6EF-087337DAA9CB}
		{CAEF7820-A7A9-4733-B1B2-C39189190480} = {CAEF7820-A7A9-4733-B1B2-C39189190480}
		{CDA21401-5075-4361-81A3-B8926519745F} = {CDA21401-5075-4361-81A3-B8926519745F}
		{D53DC8C6-E649-4ABD-8B3D-64707352EEC7} = {D53DC8C6-E649-4ABD-8B3D-64707352EEC7}
		{ECF85AEC-9479-462B-B801-B7B6645D0B09} = {ECF85AEC-9479-462B-B801-B7B6645D0B09}
		{F19D0681-A873-4297-BB00-E750294995E9} = {F19D0681-A873-4297-BB00-E750294995E9}
	EndProjectSection
EndProject
Project("{8BC9CEB8-8B4A-11D0-8D11-00A0C91BC942}") = "ImGUIDX11", "ImGUIDX11\ImGUIDX11.vcxproj", "{D53DC8C6-E649-4ABD-8B3D-64707352EEC7}"
EndProject
Project("{8BC9CEB8-8B4A-11D0-8D11-00A0C91BC942}") = "MRenderer", "MRenderer\MRenderer.vcxproj", "{ECF85AEC-9479-462B-B801-B7B6645D0B09}"
EndProject
Global
	GlobalSection(SolutionConfigurationPlatforms) = preSolution
		Debug|x64 = Debug|x64
		Debug|x86 = Debug|x86
		Release|x64 = Release|x64
		Release|x86 = Release|x86
	EndGlobalSection
	GlobalSection(ProjectConfigurationPlatforms) = postSolution
		{CAEF7820-A7A9-4733-B1B2-C39189190480}.Debug|x64.ActiveCfg = Debug|x64
		{CAEF7820-A7A9-4733-B1B2-C39189190480}.Debug|x64.Build.0 = Debug|x64
		{CAEF7820-A7A9-4733-B1B2-C39189190480}.Debug|x86.ActiveCfg = Debug|Win32
		{CAEF7820-A7A9-4733-B1B2-C39189190480}.Debug|x86.Build.0 = Debug|Win32
		{CAEF7820-A7A9-4733-B1B2-C39189190480}.Release|x64.ActiveCfg = Release|x64
		{CAEF7820-A7A9-4733-B1B2-C39189190480}.Release|x64.Build.0 = Release|x64
		{CAEF7820-A7A9-4733-B1B2-C39189190480}.Release|x86.ActiveCfg = Release|Win32
		{CAEF7820-A7A9-4733-B1B2-C39189190480}.Release|x86.Build.0 = Release|Win32
		{A1B7676C-0990-41D4-9EA1-C9E0E3BA2E1D}.Debug|x64.ActiveCfg = Debug|x64
		{A1B7676C-0990-41D4-9EA1-C9E0E3BA2E1D}.Debug|x64.Build.0 = Debug|x64
		{A1B7676C-0990-41D4-9EA1-C9E0E3BA2E1D}.Debug|x86.ActiveCfg = Debug|Win32
		{A1B7676C-0990-41D4-9EA1-C9E0E3BA2E1D}.Debug|x86.Build.0 = Debug|Win32
		{A1B7676C-0990-41D4-9EA1-C9E0E3BA2E1D}.Release|x64.ActiveCfg = Release|x64
		{A1B7676C-0990-41D4-9EA1-C9E0E3BA2E1D}.Release|x64.Build.0 = Release|x64
		{A1B7676C-0990-41D4-9EA1-C9E0E3BA2E1D}.Release|x86.ActiveCfg = Release|Win32
		{A1B7676C-0990-41D4-9EA1-C9E0E3BA2E1D}.Release|x86.Build.0 = Release|Win32
		{678AD1E7-3888-4A7B-8077-E77FD58BA622}.Debug|x64.ActiveCfg = Debug|x64
		{678AD1E7-3888-4A7B-8077-E77FD58BA622}.Debug|x64.Build.0 = Debug|x64
		{678AD1E7-3888-4A7B-8077-E77FD58BA622}.Debug|x86.ActiveCfg = Debug|Win32
		{678AD1E7-3888-4A7B-8077-E77FD58BA622}.Debug|x86.Build.0 = Debug|Win32
		{678AD1E7-3888-4A7B-8077-E77FD58BA622}.Release|x64.ActiveCfg = Release|x64
		{678AD1E7-3888-4A7B-8077-E77FD58BA622}.Release|x64.Build.0 = Release|x64
		{678AD1E7-3888-4A7B-8077-E77FD58BA622}.Release|x86.ActiveCfg = Release|Win32
		{678AD1E7-3888-4A7B-8077-E77FD58BA622}.Release|x86.Build.0 = Release|Win32
		{F19D0681-A873-4297-BB00-E750294995E9}.Debug|x64.ActiveCfg = Debug|x64
		{F19D0681-A873-4297-BB00-E750294995E9}.Debug|x64.Build.0 = Debug|x64
		{F19D0681-A873-4297-BB00-E750294995E9}.Debug|x86.ActiveCfg = Debug|Win32
		{F19D0681-A873-4297-BB00-E750294995E9}.Debug|x86.Build.0 = Debug|Win32
		{F19D0681-A873-4297-BB00-E750294995E9}.Release|x64.ActiveCfg = Release|x64
		{F19D0681-A873-4297-BB00-E750294995E9}.Release|x64.Build.0 = Release|x64
		{F19D0681-A873-4297-BB00-E750294995E9}.Release|x86.ActiveCfg = Release|Win32
		{F19D0681-A873-4297-BB00-E750294995E9}.Release|x86.Build.0 = Release|Win32
		{27A8092D-9702-4AB5-9E74-0A204595AAD5}.Debug|x64.ActiveCfg = Debug|x64
		{27A8092D-9702-4AB5-9E74-0A204595AAD5}.Debug|x64.Build.0 = Debug|x64
		{27A8092D-9702-4AB5-9E74-0A204595AAD5}.Debug|x86.ActiveCfg = Debug|Win32
		{27A8092D-9702-4AB5-9E74-0A204595AAD5}.Debug|x86.Build.0 = Debug|Win32
		{27A8092D-9702-4AB5-9E74-0A204595AAD5}.Release|x64.ActiveCfg = Release|x64
		{27A8092D-9702-4AB5-9E74-0A204595AAD5}.Release|x64.Build.0 = Release|x64
		{27A8092D-9702-4AB5-9E74-0A204595AAD5}.Release|x86.ActiveCfg = Release|Win32
		{27A8092D-9702-4AB5-9E74-0A204595AAD5}.Release|x86.Build.0 = Release|Win32
		{325C5192-B1EE-455D-9F9E-D0AEC399023B}.Debug|x64.ActiveCfg = Debug|x64
		{325C5192-B1EE-455D-9F9E-D0AEC399023B}.Debug|x64.Build.0 = Debug|x64
		{325C5192-B1EE-455D-9F9E-D0AEC399023B}.Debug|x86.ActiveCfg = Debug|Win32
		{325C5192-B1EE-455D-9F9E-D0AEC399023B}.Debug|x86.Build.0 = Debug|Win32
		{325C5192-B1EE-455D-9F9E-D0AEC399023B}.Release|x64.ActiveCfg = Release|x64
		{325C5192-B1EE-455D-9F9E-D0AEC399023B}.Release|x64.Build.0 = Release|x64
		{325C5192-B1EE-455D-9F9E-D0AEC399023B}.Release|x86.ActiveCfg = Release|Win32
		{325C5192-B1EE-455D-9F9E-D0AEC399023B}.Release|x86.Build.0 = Release|Win32
		{27F740C3-1DCA-4956-B10C-479680EC6302}.Debug|x64.ActiveCfg = Debug|x64
		{27F740C3-1DCA-4956-B10C-479680EC6302}.Debug|x64.Build.0 = Debug|x64
		{27F740C3-1DCA-4956-B10C-479680EC6302}.Debug|x86.ActiveCfg = Debug|Win32
		{27F740C3-1DCA-4956-B10C-479680EC6302}.Debug|x86.Build.0 = Debug|Win32
		{27F740C3-1DCA-4956-B10C-479680EC6302}.Release|x64.ActiveCfg = Release|x64
		{27F740C3-1DCA-4956-B10C-479680EC6302}.Release|x64.Build.0 = Release|x64
		{27F740C3-1DCA-4956-B10C-479680EC6302}.Release|x86.ActiveCfg = Release|Win32
		{27F740C3-1DCA-4956-B10C-479680EC6302}.Release|x86.Build.0 = Release|Win32
		{BC2C9DCB-3118-45B6-A6EF-087337DAA9CB}.Debug|x64.ActiveCfg = Debug|x64
		{BC2C9DCB-3118-45B6-A6EF-087337DAA9CB}.Debug|x64.Build.0 = Debug|x64
		{BC2C9DCB-3118-45B6-A6EF-087337DAA9CB}.Debug|x86.ActiveCfg = Debug|Win32
		{BC2C9DCB-3118-45B6-A6EF-087337DAA9CB}.Debug|x86.Build.0 = Debug|Win32
		{BC2C9DCB-3118-45B6-A6EF-087337DAA9CB}.Release|x64.ActiveCfg = Release|x64
		{BC2C9DCB-3118-45B6-A6EF-087337DAA9CB}.Release|x64.Build.0 = Release|x64
		{BC2C9DCB-3118-45B6-A6EF-087337DAA9CB}.Release|x86.ActiveCfg = Release|Win32
		{BC2C9DCB-3118-45B6-A6EF-087337DAA9CB}.Release|x86.Build.0 = Release|Win32
		{CDA21401-5075-4361-81A3-B8926519745F}.Debug|x64.ActiveCfg = Debug|x64
		{CDA21401-5075-4361-81A3-B8926519745F}.Debug|x64.Build.0 = Debug|x64
		{CDA21401-5075-4361-81A3-B8926519745F}.Debug|x86.ActiveCfg = Debug|Win32
		{CDA21401-5075-4361-81A3-B8926519745F}.Debug|x86.Build.0 = Debug|Win32
		{CDA21401-5075-4361-81A3-B8926519745F}.Release|x64.ActiveCfg = Release|x64
		{CDA21401-5075-4361-81A3-B8926519745F}.Release|x64.Build.0 = Release|x64
		{CDA21401-5075-4361-81A3-B8926519745F}.Release|x86.ActiveCfg = Release|Win32
		{CDA21401-5075-4361-81A3-B8926519745F}.Release|x86.Build.0 = Release|Win32
		{68D15D8C-A563-4A7A-8B32-AF5A35EF96C0}.Debug|x64.ActiveCfg = Debug|x64
		{68D15D8C-A563-4A7A-8B32-AF5A35EF96C0}.Debug|x64.Build.0 = Debug|x64
		{68D15D8C-A563-4A7A-8B32-AF5A35EF96C0}.Debug|x86.ActiveCfg = Debug|Win32
		{68D15D8C-A563-4A7A-8B32-AF5A35EF96C0}.Debug|x86.Build.0 = Debug|Win32
		{68D15D8C-A563-4A7A-8B32-AF5A35EF96C0}.Release|x64.ActiveCfg = Release|x64
		{68D15D8C-A563-4A7A-8B32-AF5A35EF96C0}.Release|x64.Build.0 = Release|x64
		{68D15D8C-A563-4A7A-8B32-AF5A35EF96C0}.Release|x86.ActiveCfg = Release|Win32
		{68D15D8C-A563-4A7A-8B32-AF5A35EF96C0}.Release|x86.Build.0 = Release|Win32
		{D53DC8C6-E649-4ABD-8B3D-64707352EEC7}.Debug|x64.ActiveCfg = Debug|x64
		{D53DC8C6-E649-4ABD-8B3D-64707352EEC7}.Debug|x64.Build.0 = Debug|x64
		{D53DC8C6-E649-4ABD-8B3D-64707352EEC7}.Debug|x86.ActiveCfg = Debug|Win32
		{D53DC8C6-E649-4ABD-8B3D-64707352EEC7}.Debug|x86.Build.0 = Debug|Win32
		{D53DC8C6-E649-4ABD-8B3D-64707352EEC7}.Release|x64.ActiveCfg = Release|x64
		{D53DC8C6-E649-4ABD-8B3D-64707352EEC7}.Release|x64.Build.0 = Release|x64
		{D53DC8C6-E649-4ABD-8B3D-64707352EEC7}.Release|x86.ActiveCfg = Release|Win32
		{D53DC8C6-E649-4ABD-8B3D-64707352EEC7}.Release|x86.Build.0 = Release|Win32
		{ECF85AEC-9479-462B-B801-B7B6645D0B09}.Debug|x64.ActiveCfg = Debug|x64
		{ECF85AEC-9479-462B-B801-B7B6645D0B09}.Debug|x64.Build.0 = Debug|x64
		{ECF85AEC-9479-462B-B801-B7B6645D0B09}.Debug|x86.ActiveCfg = Debug|Win32
		{ECF85AEC-9479-462B-B801-B7B6645D0B09}.Debug|x86.Build.0 = Debug|Win32
		{ECF85AEC-9479-462B-B801-B7B6645D0B09}.Release|x64.ActiveCfg = Release|x64
		{ECF85AEC-9479-462B-B801-B7B6645D0B09}.Release|x64.Build.0 = Release|x64
		{ECF85AEC-9479-462B-B801-B7B6645D0B09}.Release|x86.ActiveCfg = Release|Win32
		{ECF85AEC-9479-462B-B801-B7B6645D0B09}.Release|x86.Build.0 = Release|Win32
	EndGlobalSection
	GlobalSection(SolutionProperties) = preSolution
		HideSolutionNode = FALSE
	EndGlobalSection
	GlobalSection(ExtensibilityGlobals) = postSolution
		SolutionGuid = {4E118034-3FB0-4854-8B62-64883C604FB7}
	EndGlobalSection
EndGlobal
