<?xml version="1.0" encoding="utf-8"?>
<Project ToolsVersion="4.0" xmlns="http://schemas.microsoft.com/developer/msbuild/2003">
  <ItemGroup>
    <Filter Include="Source Files">
      <UniqueIdentifier>{4FC737F1-C7A5-4376-A066-2A32D752A2FF}</UniqueIdentifier>
      <Extensions>cpp;c;cc;cxx;c++;cppm;ixx;def;odl;idl;hpj;bat;asm;asmx</Extensions>
    </Filter>
    <Filter Include="Header Files">
      <UniqueIdentifier>{93995380-89BD-4b04-88EB-625FBE52EBFB}</UniqueIdentifier>
      <Extensions>h;hh;hpp;hxx;h++;hm;inl;inc;ipp;xsd</Extensions>
    </Filter>
    <Filter Include="Resource Files">
      <UniqueIdentifier>{67DA6AB6-F800-4c08-8B7A-83BB121AAD01}</UniqueIdentifier>
      <Extensions>rc;ico;cur;bmp;dlg;rc2;rct;bin;rgs;gif;jpg;jpeg;jpe;resx;tiff;tif;png;wav;mfcribbon-ms</Extensions>
    </Filter>
  </ItemGroup>
  <ItemGroup>
    <ClInclude Include="MeshBin.h">
      <Filter>Header Files</Filter>
    </ClInclude>
    <ClInclude Include="MaterialBin.h">
      <Filter>Header Files</Filter>
    </ClInclude>
    <ClInclude Include="ImporterMathHelper.h">
      <Filter>Header Files</Filter>
    </ClInclude>
    <ClInclude Include="pch.h">
      <Filter>Header Files</Filter>
    </ClInclude>
    <ClInclude Include="BinHelper.h">
      <Filter>Header Files</Filter>
    </ClInclude>
    <ClInclude Include="AnimJson.h">
      <Filter>Header Files</Filter>
    </ClInclude>
    <ClInclude Include="SkeletonBin.h">
      <Filter>Header Files</Filter>
    </ClInclude>
    <ClInclude Include="MetaJson.h">
      <Filter>Header Files</Filter>
    </ClInclude>
    <ClInclude Include="Importer.h">
      <Filter>Header Files</Filter>
    </ClInclude>
  </ItemGroup>
  <ItemGroup>
    <ClCompile Include="MeshBin.cpp">
      <Filter>Source Files</Filter>
    </ClCompile>
    <ClCompile Include="MaterialBin.cpp">
      <Filter>Source Files</Filter>
    </ClCompile>
    <ClCompile Include="pch.cpp">
      <Filter>Source Files</Filter>
    </ClCompile>
    <ClCompile Include="AnimJson.cpp">
      <Filter>Source Files</Filter>
    </ClCompile>
    <ClCompile Include="BinHelper.cpp">
      <Filter>Source Files</Filter>
    </ClCompile>
    <ClCompile Include="SkeletonBin.cpp">
      <Filter>Source Files</Filter>
    </ClCompile>
    <ClCompile Include="MetaJson.cpp">
      <Filter>Source Files</Filter>
    </ClCompile>
    <ClCompile Include="Importer.cpp">
      <Filter>Source Files</Filter>
    </ClCompile>
  </ItemGroup>
</Project>